
Microsoft Visual Studio Solution File, Format Version 12.00
# Visual Studio Version 16
VisualStudioVersion = 16.0.32802.440
MinimumVisualStudioVersion = 10.0.40219.1
Project("{FAE04EC0-301F-11D3-BF4B-00C04F79EFBC}") = "horoscopeApp", "horoscopeApp\horoscopeApp.csproj", "{164901E0-6BEF-488C-A532-4E8390109CA0}"
EndProject
Global
	GlobalSection(SolutionConfigurationPlatforms) = preSolution
		Debug|Any CPU = Debug|Any CPU
		Release|Any CPU = Release|Any CPU
	EndGlobalSection
	GlobalSection(ProjectConfigurationPlatforms) = postSolution
		{164901E0-6BEF-488C-A532-4E8390109CA0}.Debug|Any CPU.ActiveCfg = Debug|Any CPU
		{164901E0-6BEF-488C-A532-4E8390109CA0}.Debug|Any CPU.Build.0 = Debug|Any CPU
		{164901E0-6BEF-488C-A532-4E8390109CA0}.Release|Any CPU.ActiveCfg = Release|Any CPU
		{164901E0-6BEF-488C-A532-4E8390109CA0}.Release|Any CPU.Build.0 = Release|Any CPU
	EndGlobalSection
	GlobalSection(SolutionProperties) = preSolution
		HideSolutionNode = FALSE
	EndGlobalSection
	GlobalSection(ExtensibilityGlobals) = postSolution
		SolutionGuid = {E2C31047-9797-4D32-995D-37D19271D274}
	EndGlobalSection
EndGlobal
